// !$*UTF8*$!
{
	archiveVersion = 1;
	classes = {
	};
	objectVersion = 55;
	objects = {

/* Begin PBXBuildFile section */
		0D7D2EC127F2922B00D39F58 /* IngredientCell.swift in Sources */ = {isa = PBXBuildFile; fileRef = 0D7D2EC027F2922B00D39F58 /* IngredientCell.swift */; };
		0D7D8D3927F10E1C0059A732 /* AppDelegate.swift in Sources */ = {isa = PBXBuildFile; fileRef = 0D7D8D3827F10E1C0059A732 /* AppDelegate.swift */; };
		0D7D8D3B27F10E1C0059A732 /* SceneDelegate.swift in Sources */ = {isa = PBXBuildFile; fileRef = 0D7D8D3A27F10E1C0059A732 /* SceneDelegate.swift */; };
		0D7D8D3D27F10E1C0059A732 /* ViewController.swift in Sources */ = {isa = PBXBuildFile; fileRef = 0D7D8D3C27F10E1C0059A732 /* ViewController.swift */; };
		0D7D8D4027F10E1C0059A732 /* Main.storyboard in Resources */ = {isa = PBXBuildFile; fileRef = 0D7D8D3E27F10E1C0059A732 /* Main.storyboard */; };
		0D7D8D4227F10E1E0059A732 /* Assets.xcassets in Resources */ = {isa = PBXBuildFile; fileRef = 0D7D8D4127F10E1E0059A732 /* Assets.xcassets */; };
		0D7D8D4527F10E1E0059A732 /* LaunchScreen.storyboard in Resources */ = {isa = PBXBuildFile; fileRef = 0D7D8D4327F10E1E0059A732 /* LaunchScreen.storyboard */; };
		0D7D8D5027F10E1F0059A732 /* MealAppTests.swift in Sources */ = {isa = PBXBuildFile; fileRef = 0D7D8D4F27F10E1F0059A732 /* MealAppTests.swift */; };
		0D7D8D5A27F10E1F0059A732 /* MealAppUITests.swift in Sources */ = {isa = PBXBuildFile; fileRef = 0D7D8D5927F10E1F0059A732 /* MealAppUITests.swift */; };
		0D7D8D5C27F10E1F0059A732 /* MealAppUITestsLaunchTests.swift in Sources */ = {isa = PBXBuildFile; fileRef = 0D7D8D5B27F10E1F0059A732 /* MealAppUITestsLaunchTests.swift */; };
		0D7D8E3B27F149530059A732 /* NetworkManager.swift in Sources */ = {isa = PBXBuildFile; fileRef = 0D7D8E3A27F149530059A732 /* NetworkManager.swift */; };
		0D7D8E4127F14FB40059A732 /* NetworkError.swift in Sources */ = {isa = PBXBuildFile; fileRef = 0D7D8E4027F14FB40059A732 /* NetworkError.swift */; };
		0D7D8E4427F1540E0059A732 /* Dessert.swift in Sources */ = {isa = PBXBuildFile; fileRef = 0D7D8E4327F1540E0059A732 /* Dessert.swift */; };
		0D7D8E4627F15F2F0059A732 /* Meal.swift in Sources */ = {isa = PBXBuildFile; fileRef = 0D7D8E4527F15F2F0059A732 /* Meal.swift */; };
		0D7D8E4827F161040059A732 /* Ingredient.swift in Sources */ = {isa = PBXBuildFile; fileRef = 0D7D8E4727F161040059A732 /* Ingredient.swift */; };
		0D7D8E4A27F226840059A732 /* UIViewController+Ext.swift in Sources */ = {isa = PBXBuildFile; fileRef = 0D7D8E4927F226840059A732 /* UIViewController+Ext.swift */; };
		0D7D8E5227F229320059A732 /* DessertListVC.swift in Sources */ = {isa = PBXBuildFile; fileRef = 0D7D8E5127F229320059A732 /* DessertListVC.swift */; };
		0D7D8E5427F2294D0059A732 /* MealDetailVC.swift in Sources */ = {isa = PBXBuildFile; fileRef = 0D7D8E5327F2294D0059A732 /* MealDetailVC.swift */; };
		0D7D8E5827F22E4E0059A732 /* DessertCell.swift in Sources */ = {isa = PBXBuildFile; fileRef = 0D7D8E5727F22E4E0059A732 /* DessertCell.swift */; };
		0D7D8E5A27F22EC10059A732 /* Constants.swift in Sources */ = {isa = PBXBuildFile; fileRef = 0D7D8E5927F22EC10059A732 /* Constants.swift */; };
		0D7D8E5C27F235120059A732 /* UIImage+Ext.swift in Sources */ = {isa = PBXBuildFile; fileRef = 0D7D8E5B27F235120059A732 /* UIImage+Ext.swift */; };
		0D7D8E5F27F236E20059A732 /* MealTitleLabel.swift in Sources */ = {isa = PBXBuildFile; fileRef = 0D7D8E5E27F236E20059A732 /* MealTitleLabel.swift */; };
		0D7D8E6127F236F20059A732 /* MealBodyLabel.swift in Sources */ = {isa = PBXBuildFile; fileRef = 0D7D8E6027F236F20059A732 /* MealBodyLabel.swift */; };
/* End PBXBuildFile section */

/* Begin PBXContainerItemProxy section */
		0D7D8D4C27F10E1F0059A732 /* PBXContainerItemProxy */ = {
			isa = PBXContainerItemProxy;
			containerPortal = 0D7D8D2D27F10E1C0059A732 /* Project object */;
			proxyType = 1;
			remoteGlobalIDString = 0D7D8D3427F10E1C0059A732;
			remoteInfo = MealApp;
		};
		0D7D8D5627F10E1F0059A732 /* PBXContainerItemProxy */ = {
			isa = PBXContainerItemProxy;
			containerPortal = 0D7D8D2D27F10E1C0059A732 /* Project object */;
			proxyType = 1;
			remoteGlobalIDString = 0D7D8D3427F10E1C0059A732;
			remoteInfo = MealApp;
		};
/* End PBXContainerItemProxy section */

/* Begin PBXFileReference section */
		0D7D2EC027F2922B00D39F58 /* IngredientCell.swift */ = {isa = PBXFileReference; lastKnownFileType = sourcecode.swift; path = IngredientCell.swift; sourceTree = "<group>"; };
		0D7D8D3527F10E1C0059A732 /* MealApp.app */ = {isa = PBXFileReference; explicitFileType = wrapper.application; includeInIndex = 0; path = MealApp.app; sourceTree = BUILT_PRODUCTS_DIR; };
		0D7D8D3827F10E1C0059A732 /* AppDelegate.swift */ = {isa = PBXFileReference; lastKnownFileType = sourcecode.swift; path = AppDelegate.swift; sourceTree = "<group>"; };
		0D7D8D3A27F10E1C0059A732 /* SceneDelegate.swift */ = {isa = PBXFileReference; lastKnownFileType = sourcecode.swift; path = SceneDelegate.swift; sourceTree = "<group>"; };
		0D7D8D3C27F10E1C0059A732 /* ViewController.swift */ = {isa = PBXFileReference; lastKnownFileType = sourcecode.swift; path = ViewController.swift; sourceTree = "<group>"; };
		0D7D8D3F27F10E1C0059A732 /* Base */ = {isa = PBXFileReference; lastKnownFileType = file.storyboard; name = Base; path = Base.lproj/Main.storyboard; sourceTree = "<group>"; };
		0D7D8D4127F10E1E0059A732 /* Assets.xcassets */ = {isa = PBXFileReference; lastKnownFileType = folder.assetcatalog; path = Assets.xcassets; sourceTree = "<group>"; };
		0D7D8D4427F10E1E0059A732 /* Base */ = {isa = PBXFileReference; lastKnownFileType = file.storyboard; name = Base; path = Base.lproj/LaunchScreen.storyboard; sourceTree = "<group>"; };
		0D7D8D4627F10E1E0059A732 /* Info.plist */ = {isa = PBXFileReference; lastKnownFileType = text.plist.xml; path = Info.plist; sourceTree = "<group>"; };
		0D7D8D4B27F10E1F0059A732 /* MealAppTests.xctest */ = {isa = PBXFileReference; explicitFileType = wrapper.cfbundle; includeInIndex = 0; path = MealAppTests.xctest; sourceTree = BUILT_PRODUCTS_DIR; };
		0D7D8D4F27F10E1F0059A732 /* MealAppTests.swift */ = {isa = PBXFileReference; lastKnownFileType = sourcecode.swift; path = MealAppTests.swift; sourceTree = "<group>"; };
		0D7D8D5527F10E1F0059A732 /* MealAppUITests.xctest */ = {isa = PBXFileReference; explicitFileType = wrapper.cfbundle; includeInIndex = 0; path = MealAppUITests.xctest; sourceTree = BUILT_PRODUCTS_DIR; };
		0D7D8D5927F10E1F0059A732 /* MealAppUITests.swift */ = {isa = PBXFileReference; lastKnownFileType = sourcecode.swift; path = MealAppUITests.swift; sourceTree = "<group>"; };
		0D7D8D5B27F10E1F0059A732 /* MealAppUITestsLaunchTests.swift */ = {isa = PBXFileReference; lastKnownFileType = sourcecode.swift; path = MealAppUITestsLaunchTests.swift; sourceTree = "<group>"; };
		0D7D8E3A27F149530059A732 /* NetworkManager.swift */ = {isa = PBXFileReference; lastKnownFileType = sourcecode.swift; path = NetworkManager.swift; sourceTree = "<group>"; };
		0D7D8E4027F14FB40059A732 /* NetworkError.swift */ = {isa = PBXFileReference; lastKnownFileType = sourcecode.swift; path = NetworkError.swift; sourceTree = "<group>"; };
		0D7D8E4327F1540E0059A732 /* Dessert.swift */ = {isa = PBXFileReference; lastKnownFileType = sourcecode.swift; path = Dessert.swift; sourceTree = "<group>"; };
		0D7D8E4527F15F2F0059A732 /* Meal.swift */ = {isa = PBXFileReference; lastKnownFileType = sourcecode.swift; path = Meal.swift; sourceTree = "<group>"; };
		0D7D8E4727F161040059A732 /* Ingredient.swift */ = {isa = PBXFileReference; lastKnownFileType = sourcecode.swift; path = Ingredient.swift; sourceTree = "<group>"; };
		0D7D8E4927F226840059A732 /* UIViewController+Ext.swift */ = {isa = PBXFileReference; lastKnownFileType = sourcecode.swift; path = "UIViewController+Ext.swift"; sourceTree = "<group>"; };
		0D7D8E5127F229320059A732 /* DessertListVC.swift */ = {isa = PBXFileReference; lastKnownFileType = sourcecode.swift; path = DessertListVC.swift; sourceTree = "<group>"; };
		0D7D8E5327F2294D0059A732 /* MealDetailVC.swift */ = {isa = PBXFileReference; lastKnownFileType = sourcecode.swift; path = MealDetailVC.swift; sourceTree = "<group>"; };
		0D7D8E5727F22E4E0059A732 /* DessertCell.swift */ = {isa = PBXFileReference; lastKnownFileType = sourcecode.swift; path = DessertCell.swift; sourceTree = "<group>"; };
		0D7D8E5927F22EC10059A732 /* Constants.swift */ = {isa = PBXFileReference; lastKnownFileType = sourcecode.swift; path = Constants.swift; sourceTree = "<group>"; };
		0D7D8E5B27F235120059A732 /* UIImage+Ext.swift */ = {isa = PBXFileReference; lastKnownFileType = sourcecode.swift; path = "UIImage+Ext.swift"; sourceTree = "<group>"; };
		0D7D8E5E27F236E20059A732 /* MealTitleLabel.swift */ = {isa = PBXFileReference; lastKnownFileType = sourcecode.swift; path = MealTitleLabel.swift; sourceTree = "<group>"; };
		0D7D8E6027F236F20059A732 /* MealBodyLabel.swift */ = {isa = PBXFileReference; lastKnownFileType = sourcecode.swift; path = MealBodyLabel.swift; sourceTree = "<group>"; };
/* End PBXFileReference section */

/* Begin PBXFrameworksBuildPhase section */
		0D7D8D3227F10E1C0059A732 /* Frameworks */ = {
			isa = PBXFrameworksBuildPhase;
			buildActionMask = 2147483647;
			files = (
			);
			runOnlyForDeploymentPostprocessing = 0;
		};
		0D7D8D4827F10E1F0059A732 /* Frameworks */ = {
			isa = PBXFrameworksBuildPhase;
			buildActionMask = 2147483647;
			files = (
			);
			runOnlyForDeploymentPostprocessing = 0;
		};
		0D7D8D5227F10E1F0059A732 /* Frameworks */ = {
			isa = PBXFrameworksBuildPhase;
			buildActionMask = 2147483647;
			files = (
			);
			runOnlyForDeploymentPostprocessing = 0;
		};
/* End PBXFrameworksBuildPhase section */

/* Begin PBXGroup section */
		0D7D8D2C27F10E1C0059A732 = {
			isa = PBXGroup;
			children = (
				0D7D8D3727F10E1C0059A732 /* MealApp */,
				0D7D8D4E27F10E1F0059A732 /* MealAppTests */,
				0D7D8D5827F10E1F0059A732 /* MealAppUITests */,
				0D7D8D3627F10E1C0059A732 /* Products */,
			);
			sourceTree = "<group>";
		};
		0D7D8D3627F10E1C0059A732 /* Products */ = {
			isa = PBXGroup;
			children = (
				0D7D8D3527F10E1C0059A732 /* MealApp.app */,
				0D7D8D4B27F10E1F0059A732 /* MealAppTests.xctest */,
				0D7D8D5527F10E1F0059A732 /* MealAppUITests.xctest */,
			);
			name = Products;
			sourceTree = "<group>";
		};
		0D7D8D3727F10E1C0059A732 /* MealApp */ = {
			isa = PBXGroup;
			children = (
				0D7D8E4227F154030059A732 /* Model */,
				0D7D8D6927F10F980059A732 /* Managers */,
				0D7D8D6827F10F910059A732 /* Screens */,
				0D7D8E3D27F14D0F0059A732 /* Custom Views */,
				0D7D8E3C27F14CF80059A732 /* Extensions */,
				0D7D8E3E27F14D1C0059A732 /* Utilities */,
				0D7D8E3F27F14D4D0059A732 /* Support */,
				0D7D8D3C27F10E1C0059A732 /* ViewController.swift */,
				0D7D8D3E27F10E1C0059A732 /* Main.storyboard */,
				0D7D8D4627F10E1E0059A732 /* Info.plist */,
			);
			path = MealApp;
			sourceTree = "<group>";
		};
		0D7D8D4E27F10E1F0059A732 /* MealAppTests */ = {
			isa = PBXGroup;
			children = (
				0D7D8D4F27F10E1F0059A732 /* MealAppTests.swift */,
			);
			path = MealAppTests;
			sourceTree = "<group>";
		};
		0D7D8D5827F10E1F0059A732 /* MealAppUITests */ = {
			isa = PBXGroup;
			children = (
				0D7D8D5927F10E1F0059A732 /* MealAppUITests.swift */,
				0D7D8D5B27F10E1F0059A732 /* MealAppUITestsLaunchTests.swift */,
			);
			path = MealAppUITests;
			sourceTree = "<group>";
		};
		0D7D8D6827F10F910059A732 /* Screens */ = {
			isa = PBXGroup;
			children = (
				0D7D8E4D27F2288A0059A732 /* MealDetail */,
				0D7D8E4B27F228050059A732 /* DessertList */,
			);
			path = Screens;
			sourceTree = "<group>";
		};
		0D7D8D6927F10F980059A732 /* Managers */ = {
			isa = PBXGroup;
			children = (
				0D7D8E3A27F149530059A732 /* NetworkManager.swift */,
			);
			path = Managers;
			sourceTree = "<group>";
		};
		0D7D8E3C27F14CF80059A732 /* Extensions */ = {
			isa = PBXGroup;
			children = (
				0D7D8E4927F226840059A732 /* UIViewController+Ext.swift */,
				0D7D8E5B27F235120059A732 /* UIImage+Ext.swift */,
			);
			path = Extensions;
			sourceTree = "<group>";
		};
		0D7D8E3D27F14D0F0059A732 /* Custom Views */ = {
			isa = PBXGroup;
			children = (
				0D7D8E5D27F236C50059A732 /* Labels */,
				0D7D8E5627F229C00059A732 /* Views */,
				0D7D8E5527F229B60059A732 /* ViewControllers */,
				0D7D8E5027F228F20059A732 /* Buttons */,
				0D7D8E4F27F228E20059A732 /* Cells */,
			);
			path = "Custom Views";
			sourceTree = "<group>";
		};
		0D7D8E3E27F14D1C0059A732 /* Utilities */ = {
			isa = PBXGroup;
			children = (
				0D7D8E4027F14FB40059A732 /* NetworkError.swift */,
				0D7D8E5927F22EC10059A732 /* Constants.swift */,
			);
			path = Utilities;
			sourceTree = "<group>";
		};
		0D7D8E3F27F14D4D0059A732 /* Support */ = {
			isa = PBXGroup;
			children = (
				0D7D8D3827F10E1C0059A732 /* AppDelegate.swift */,
				0D7D8D3A27F10E1C0059A732 /* SceneDelegate.swift */,
				0D7D8D4327F10E1E0059A732 /* LaunchScreen.storyboard */,
				0D7D8D4127F10E1E0059A732 /* Assets.xcassets */,
			);
			path = Support;
			sourceTree = "<group>";
		};
		0D7D8E4227F154030059A732 /* Model */ = {
			isa = PBXGroup;
			children = (
				0D7D8E4327F1540E0059A732 /* Dessert.swift */,
				0D7D8E4527F15F2F0059A732 /* Meal.swift */,
				0D7D8E4727F161040059A732 /* Ingredient.swift */,
			);
			path = Model;
			sourceTree = "<group>";
		};
		0D7D8E4B27F228050059A732 /* DessertList */ = {
			isa = PBXGroup;
			children = (
				0D7D8E5127F229320059A732 /* DessertListVC.swift */,
			);
			path = DessertList;
			sourceTree = "<group>";
		};
		0D7D8E4D27F2288A0059A732 /* MealDetail */ = {
			isa = PBXGroup;
			children = (
				0D7D8E5327F2294D0059A732 /* MealDetailVC.swift */,
			);
			path = MealDetail;
			sourceTree = "<group>";
		};
		0D7D8E4F27F228E20059A732 /* Cells */ = {
			isa = PBXGroup;
			children = (
				0D7D8E5727F22E4E0059A732 /* DessertCell.swift */,
				0D7D2EC027F2922B00D39F58 /* IngredientCell.swift */,
			);
			path = Cells;
			sourceTree = "<group>";
		};
		0D7D8E5027F228F20059A732 /* Buttons */ = {
			isa = PBXGroup;
			children = (
			);
			path = Buttons;
			sourceTree = "<group>";
		};
		0D7D8E5527F229B60059A732 /* ViewControllers */ = {
			isa = PBXGroup;
			children = (
			);
			path = ViewControllers;
			sourceTree = "<group>";
		};
		0D7D8E5627F229C00059A732 /* Views */ = {
			isa = PBXGroup;
			children = (
			);
			path = Views;
			sourceTree = "<group>";
		};
		0D7D8E5D27F236C50059A732 /* Labels */ = {
			isa = PBXGroup;
			children = (
				0D7D8E5E27F236E20059A732 /* MealTitleLabel.swift */,
				0D7D8E6027F236F20059A732 /* MealBodyLabel.swift */,
			);
			path = Labels;
			sourceTree = "<group>";
		};
/* End PBXGroup section */

/* Begin PBXNativeTarget section */
		0D7D8D3427F10E1C0059A732 /* MealApp */ = {
			isa = PBXNativeTarget;
			buildConfigurationList = 0D7D8D5F27F10E1F0059A732 /* Build configuration list for PBXNativeTarget "MealApp" */;
			buildPhases = (
				0D7D8D3127F10E1C0059A732 /* Sources */,
				0D7D8D3227F10E1C0059A732 /* Frameworks */,
				0D7D8D3327F10E1C0059A732 /* Resources */,
			);
			buildRules = (
			);
			dependencies = (
			);
			name = MealApp;
			productName = MealApp;
			productReference = 0D7D8D3527F10E1C0059A732 /* MealApp.app */;
			productType = "com.apple.product-type.application";
		};
		0D7D8D4A27F10E1F0059A732 /* MealAppTests */ = {
			isa = PBXNativeTarget;
			buildConfigurationList = 0D7D8D6227F10E1F0059A732 /* Build configuration list for PBXNativeTarget "MealAppTests" */;
			buildPhases = (
				0D7D8D4727F10E1F0059A732 /* Sources */,
				0D7D8D4827F10E1F0059A732 /* Frameworks */,
				0D7D8D4927F10E1F0059A732 /* Resources */,
			);
			buildRules = (
			);
			dependencies = (
				0D7D8D4D27F10E1F0059A732 /* PBXTargetDependency */,
			);
			name = MealAppTests;
			productName = MealAppTests;
			productReference = 0D7D8D4B27F10E1F0059A732 /* MealAppTests.xctest */;
			productType = "com.apple.product-type.bundle.unit-test";
		};
		0D7D8D5427F10E1F0059A732 /* MealAppUITests */ = {
			isa = PBXNativeTarget;
			buildConfigurationList = 0D7D8D6527F10E1F0059A732 /* Build configuration list for PBXNativeTarget "MealAppUITests" */;
			buildPhases = (
				0D7D8D5127F10E1F0059A732 /* Sources */,
				0D7D8D5227F10E1F0059A732 /* Frameworks */,
				0D7D8D5327F10E1F0059A732 /* Resources */,
			);
			buildRules = (
			);
			dependencies = (
				0D7D8D5727F10E1F0059A732 /* PBXTargetDependency */,
			);
			name = MealAppUITests;
			productName = MealAppUITests;
			productReference = 0D7D8D5527F10E1F0059A732 /* MealAppUITests.xctest */;
			productType = "com.apple.product-type.bundle.ui-testing";
		};
/* End PBXNativeTarget section */

/* Begin PBXProject section */
		0D7D8D2D27F10E1C0059A732 /* Project object */ = {
			isa = PBXProject;
			attributes = {
				BuildIndependentTargetsInParallel = 1;
				LastSwiftUpdateCheck = 1310;
				LastUpgradeCheck = 1310;
				TargetAttributes = {
					0D7D8D3427F10E1C0059A732 = {
						CreatedOnToolsVersion = 13.1;
					};
					0D7D8D4A27F10E1F0059A732 = {
						CreatedOnToolsVersion = 13.1;
						TestTargetID = 0D7D8D3427F10E1C0059A732;
					};
					0D7D8D5427F10E1F0059A732 = {
						CreatedOnToolsVersion = 13.1;
						TestTargetID = 0D7D8D3427F10E1C0059A732;
					};
				};
			};
			buildConfigurationList = 0D7D8D3027F10E1C0059A732 /* Build configuration list for PBXProject "MealApp" */;
			compatibilityVersion = "Xcode 13.0";
			developmentRegion = en;
			hasScannedForEncodings = 0;
			knownRegions = (
				en,
				Base,
			);
			mainGroup = 0D7D8D2C27F10E1C0059A732;
			productRefGroup = 0D7D8D3627F10E1C0059A732 /* Products */;
			projectDirPath = "";
			projectRoot = "";
			targets = (
				0D7D8D3427F10E1C0059A732 /* MealApp */,
				0D7D8D4A27F10E1F0059A732 /* MealAppTests */,
				0D7D8D5427F10E1F0059A732 /* MealAppUITests */,
			);
		};
/* End PBXProject section */

/* Begin PBXResourcesBuildPhase section */
		0D7D8D3327F10E1C0059A732 /* Resources */ = {
			isa = PBXResourcesBuildPhase;
			buildActionMask = 2147483647;
			files = (
				0D7D8D4527F10E1E0059A732 /* LaunchScreen.storyboard in Resources */,
				0D7D8D4227F10E1E0059A732 /* Assets.xcassets in Resources */,
				0D7D8D4027F10E1C0059A732 /* Main.storyboard in Resources */,
			);
			runOnlyForDeploymentPostprocessing = 0;
		};
		0D7D8D4927F10E1F0059A732 /* Resources */ = {
			isa = PBXResourcesBuildPhase;
			buildActionMask = 2147483647;
			files = (
			);
			runOnlyForDeploymentPostprocessing = 0;
		};
		0D7D8D5327F10E1F0059A732 /* Resources */ = {
			isa = PBXResourcesBuildPhase;
			buildActionMask = 2147483647;
			files = (
			);
			runOnlyForDeploymentPostprocessing = 0;
		};
/* End PBXResourcesBuildPhase section */

/* Begin PBXSourcesBuildPhase section */
		0D7D8D3127F10E1C0059A732 /* Sources */ = {
			isa = PBXSourcesBuildPhase;
			buildActionMask = 2147483647;
			files = (
				0D7D8E3B27F149530059A732 /* NetworkManager.swift in Sources */,
				0D7D8D3D27F10E1C0059A732 /* ViewController.swift in Sources */,
				0D7D8E4627F15F2F0059A732 /* Meal.swift in Sources */,
				0D7D8E5F27F236E20059A732 /* MealTitleLabel.swift in Sources */,
				0D7D2EC127F2922B00D39F58 /* IngredientCell.swift in Sources */,
				0D7D8D3927F10E1C0059A732 /* AppDelegate.swift in Sources */,
				0D7D8E4827F161040059A732 /* Ingredient.swift in Sources */,
				0D7D8D3B27F10E1C0059A732 /* SceneDelegate.swift in Sources */,
				0D7D8E5827F22E4E0059A732 /* DessertCell.swift in Sources */,
				0D7D8E5C27F235120059A732 /* UIImage+Ext.swift in Sources */,
				0D7D8E5A27F22EC10059A732 /* Constants.swift in Sources */,
				0D7D8E4427F1540E0059A732 /* Dessert.swift in Sources */,
				0D7D8E6127F236F20059A732 /* MealBodyLabel.swift in Sources */,
				0D7D8E5227F229320059A732 /* DessertListVC.swift in Sources */,
				0D7D8E4127F14FB40059A732 /* NetworkError.swift in Sources */,
				0D7D8E5427F2294D0059A732 /* MealDetailVC.swift in Sources */,
				0D7D8E4A27F226840059A732 /* UIViewController+Ext.swift in Sources */,
			);
			runOnlyForDeploymentPostprocessing = 0;
		};
		0D7D8D4727F10E1F0059A732 /* Sources */ = {
			isa = PBXSourcesBuildPhase;
			buildActionMask = 2147483647;
			files = (
				0D7D8D5027F10E1F0059A732 /* MealAppTests.swift in Sources */,
			);
			runOnlyForDeploymentPostprocessing = 0;
		};
		0D7D8D5127F10E1F0059A732 /* Sources */ = {
			isa = PBXSourcesBuildPhase;
			buildActionMask = 2147483647;
			files = (
				0D7D8D5A27F10E1F0059A732 /* MealAppUITests.swift in Sources */,
				0D7D8D5C27F10E1F0059A732 /* MealAppUITestsLaunchTests.swift in Sources */,
			);
			runOnlyForDeploymentPostprocessing = 0;
		};
/* End PBXSourcesBuildPhase section */

/* Begin PBXTargetDependency section */
		0D7D8D4D27F10E1F0059A732 /* PBXTargetDependency */ = {
			isa = PBXTargetDependency;
			target = 0D7D8D3427F10E1C0059A732 /* MealApp */;
			targetProxy = 0D7D8D4C27F10E1F0059A732 /* PBXContainerItemProxy */;
		};
		0D7D8D5727F10E1F0059A732 /* PBXTargetDependency */ = {
			isa = PBXTargetDependency;
			target = 0D7D8D3427F10E1C0059A732 /* MealApp */;
			targetProxy = 0D7D8D5627F10E1F0059A732 /* PBXContainerItemProxy */;
		};
/* End PBXTargetDependency section */

/* Begin PBXVariantGroup section */
		0D7D8D3E27F10E1C0059A732 /* Main.storyboard */ = {
			isa = PBXVariantGroup;
			children = (
				0D7D8D3F27F10E1C0059A732 /* Base */,
			);
			name = Main.storyboard;
			sourceTree = "<group>";
		};
		0D7D8D4327F10E1E0059A732 /* LaunchScreen.storyboard */ = {
			isa = PBXVariantGroup;
			children = (
				0D7D8D4427F10E1E0059A732 /* Base */,
			);
			name = LaunchScreen.storyboard;
			sourceTree = "<group>";
		};
/* End PBXVariantGroup section */

/* Begin XCBuildConfiguration section */
		0D7D8D5D27F10E1F0059A732 /* Debug */ = {
			isa = XCBuildConfiguration;
			buildSettings = {
				ALWAYS_SEARCH_USER_PATHS = NO;
				CLANG_ANALYZER_NONNULL = YES;
				CLANG_ANALYZER_NUMBER_OBJECT_CONVERSION = YES_AGGRESSIVE;
				CLANG_CXX_LANGUAGE_STANDARD = "gnu++17";
				CLANG_CXX_LIBRARY = "libc++";
				CLANG_ENABLE_MODULES = YES;
				CLANG_ENABLE_OBJC_ARC = YES;
				CLANG_ENABLE_OBJC_WEAK = YES;
				CLANG_WARN_BLOCK_CAPTURE_AUTORELEASING = YES;
				CLANG_WARN_BOOL_CONVERSION = YES;
				CLANG_WARN_COMMA = YES;
				CLANG_WARN_CONSTANT_CONVERSION = YES;
				CLANG_WARN_DEPRECATED_OBJC_IMPLEMENTATIONS = YES;
				CLANG_WARN_DIRECT_OBJC_ISA_USAGE = YES_ERROR;
				CLANG_WARN_DOCUMENTATION_COMMENTS = YES;
				CLANG_WARN_EMPTY_BODY = YES;
				CLANG_WARN_ENUM_CONVERSION = YES;
				CLANG_WARN_INFINITE_RECURSION = YES;
				CLANG_WARN_INT_CONVERSION = YES;
				CLANG_WARN_NON_LITERAL_NULL_CONVERSION = YES;
				CLANG_WARN_OBJC_IMPLICIT_RETAIN_SELF = YES;
				CLANG_WARN_OBJC_LITERAL_CONVERSION = YES;
				CLANG_WARN_OBJC_ROOT_CLASS = YES_ERROR;
				CLANG_WARN_QUOTED_INCLUDE_IN_FRAMEWORK_HEADER = YES;
				CLANG_WARN_RANGE_LOOP_ANALYSIS = YES;
				CLANG_WARN_STRICT_PROTOTYPES = YES;
				CLANG_WARN_SUSPICIOUS_MOVE = YES;
				CLANG_WARN_UNGUARDED_AVAILABILITY = YES_AGGRESSIVE;
				CLANG_WARN_UNREACHABLE_CODE = YES;
				CLANG_WARN__DUPLICATE_METHOD_MATCH = YES;
				COPY_PHASE_STRIP = NO;
				DEBUG_INFORMATION_FORMAT = dwarf;
				ENABLE_STRICT_OBJC_MSGSEND = YES;
				ENABLE_TESTABILITY = YES;
				GCC_C_LANGUAGE_STANDARD = gnu11;
				GCC_DYNAMIC_NO_PIC = NO;
				GCC_NO_COMMON_BLOCKS = YES;
				GCC_OPTIMIZATION_LEVEL = 0;
				GCC_PREPROCESSOR_DEFINITIONS = (
					"DEBUG=1",
					"$(inherited)",
				);
				GCC_WARN_64_TO_32_BIT_CONVERSION = YES;
				GCC_WARN_ABOUT_RETURN_TYPE = YES_ERROR;
				GCC_WARN_UNDECLARED_SELECTOR = YES;
				GCC_WARN_UNINITIALIZED_AUTOS = YES_AGGRESSIVE;
				GCC_WARN_UNUSED_FUNCTION = YES;
				GCC_WARN_UNUSED_VARIABLE = YES;
				IPHONEOS_DEPLOYMENT_TARGET = 15.0;
				MTL_ENABLE_DEBUG_INFO = INCLUDE_SOURCE;
				MTL_FAST_MATH = YES;
				ONLY_ACTIVE_ARCH = YES;
				SDKROOT = iphoneos;
				SWIFT_ACTIVE_COMPILATION_CONDITIONS = DEBUG;
				SWIFT_OPTIMIZATION_LEVEL = "-Onone";
			};
			name = Debug;
		};
		0D7D8D5E27F10E1F0059A732 /* Release */ = {
			isa = XCBuildConfiguration;
			buildSettings = {
				ALWAYS_SEARCH_USER_PATHS = NO;
				CLANG_ANALYZER_NONNULL = YES;
				CLANG_ANALYZER_NUMBER_OBJECT_CONVERSION = YES_AGGRESSIVE;
				CLANG_CXX_LANGUAGE_STANDARD = "gnu++17";
				CLANG_CXX_LIBRARY = "libc++";
				CLANG_ENABLE_MODULES = YES;
				CLANG_ENABLE_OBJC_ARC = YES;
				CLANG_ENABLE_OBJC_WEAK = YES;
				CLANG_WARN_BLOCK_CAPTURE_AUTORELEASING = YES;
				CLANG_WARN_BOOL_CONVERSION = YES;
				CLANG_WARN_COMMA = YES;
				CLANG_WARN_CONSTANT_CONVERSION = YES;
				CLANG_WARN_DEPRECATED_OBJC_IMPLEMENTATIONS = YES;
				CLANG_WARN_DIRECT_OBJC_ISA_USAGE = YES_ERROR;
				CLANG_WARN_DOCUMENTATION_COMMENTS = YES;
				CLANG_WARN_EMPTY_BODY = YES;
				CLANG_WARN_ENUM_CONVERSION = YES;
				CLANG_WARN_INFINITE_RECURSION = YES;
				CLANG_WARN_INT_CONVERSION = YES;
				CLANG_WARN_NON_LITERAL_NULL_CONVERSION = YES;
				CLANG_WARN_OBJC_IMPLICIT_RETAIN_SELF = YES;
				CLANG_WARN_OBJC_LITERAL_CONVERSION = YES;
				CLANG_WARN_OBJC_ROOT_CLASS = YES_ERROR;
				CLANG_WARN_QUOTED_INCLUDE_IN_FRAMEWORK_HEADER = YES;
				CLANG_WARN_RANGE_LOOP_ANALYSIS = YES;
				CLANG_WARN_STRICT_PROTOTYPES = YES;
				CLANG_WARN_SUSPICIOUS_MOVE = YES;
				CLANG_WARN_UNGUARDED_AVAILABILITY = YES_AGGRESSIVE;
				CLANG_WARN_UNREACHABLE_CODE = YES;
				CLANG_WARN__DUPLICATE_METHOD_MATCH = YES;
				COPY_PHASE_STRIP = NO;
				DEBUG_INFORMATION_FORMAT = "dwarf-with-dsym";
				ENABLE_NS_ASSERTIONS = NO;
				ENABLE_STRICT_OBJC_MSGSEND = YES;
				GCC_C_LANGUAGE_STANDARD = gnu11;
				GCC_NO_COMMON_BLOCKS = YES;
				GCC_WARN_64_TO_32_BIT_CONVERSION = YES;
				GCC_WARN_ABOUT_RETURN_TYPE = YES_ERROR;
				GCC_WARN_UNDECLARED_SELECTOR = YES;
				GCC_WARN_UNINITIALIZED_AUTOS = YES_AGGRESSIVE;
				GCC_WARN_UNUSED_FUNCTION = YES;
				GCC_WARN_UNUSED_VARIABLE = YES;
				IPHONEOS_DEPLOYMENT_TARGET = 15.0;
				MTL_ENABLE_DEBUG_INFO = NO;
				MTL_FAST_MATH = YES;
				SDKROOT = iphoneos;
				SWIFT_COMPILATION_MODE = wholemodule;
				SWIFT_OPTIMIZATION_LEVEL = "-O";
				VALIDATE_PRODUCT = YES;
			};
			name = Release;
		};
		0D7D8D6027F10E1F0059A732 /* Debug */ = {
			isa = XCBuildConfiguration;
			buildSettings = {
				ASSETCATALOG_COMPILER_APPICON_NAME = AppIcon;
				ASSETCATALOG_COMPILER_GLOBAL_ACCENT_COLOR_NAME = AccentColor;
				CODE_SIGN_STYLE = Automatic;
				CURRENT_PROJECT_VERSION = 1;
				DEVELOPMENT_TEAM = 5L2PGYP5GB;
				GENERATE_INFOPLIST_FILE = YES;
				INFOPLIST_FILE = MealApp/Info.plist;
				INFOPLIST_KEY_UIApplicationSupportsIndirectInputEvents = YES;
				INFOPLIST_KEY_UILaunchStoryboardName = LaunchScreen;
				INFOPLIST_KEY_UISupportedInterfaceOrientations = UIInterfaceOrientationPortrait;
				INFOPLIST_KEY_UISupportedInterfaceOrientations_iPad = "UIInterfaceOrientationPortrait UIInterfaceOrientationPortraitUpsideDown UIInterfaceOrientationLandscapeLeft UIInterfaceOrientationLandscapeRight";
				INFOPLIST_KEY_UISupportedInterfaceOrientations_iPhone = "UIInterfaceOrientationPortrait UIInterfaceOrientationLandscapeLeft UIInterfaceOrientationLandscapeRight";
				LD_RUNPATH_SEARCH_PATHS = (
					"$(inherited)",
					"@executable_path/Frameworks",
				);
				MARKETING_VERSION = 1.0;
				PRODUCT_BUNDLE_IDENTIFIER = com.james.MealApp;
				PRODUCT_NAME = "$(TARGET_NAME)";
				SWIFT_EMIT_LOC_STRINGS = YES;
				SWIFT_VERSION = 5.0;
				TARGETED_DEVICE_FAMILY = 1;
			};
			name = Debug;
		};
		0D7D8D6127F10E1F0059A732 /* Release */ = {
			isa = XCBuildConfiguration;
			buildSettings = {
				ASSETCATALOG_COMPILER_APPICON_NAME = AppIcon;
				ASSETCATALOG_COMPILER_GLOBAL_ACCENT_COLOR_NAME = AccentColor;
				CODE_SIGN_STYLE = Automatic;
				CURRENT_PROJECT_VERSION = 1;
				DEVELOPMENT_TEAM = 5L2PGYP5GB;
				GENERATE_INFOPLIST_FILE = YES;
				INFOPLIST_FILE = MealApp/Info.plist;
				INFOPLIST_KEY_UIApplicationSupportsIndirectInputEvents = YES;
				INFOPLIST_KEY_UILaunchStoryboardName = LaunchScreen;
				INFOPLIST_KEY_UISupportedInterfaceOrientations = UIInterfaceOrientationPortrait;
				INFOPLIST_KEY_UISupportedInterfaceOrientations_iPad = "UIInterfaceOrientationPortrait UIInterfaceOrientationPortraitUpsideDown UIInterfaceOrientationLandscapeLeft UIInterfaceOrientationLandscapeRight";
				INFOPLIST_KEY_UISupportedInterfaceOrientations_iPhone = "UIInterfaceOrientationPortrait UIInterfaceOrientationLandscapeLeft UIInterfaceOrientationLandscapeRight";
				LD_RUNPATH_SEARCH_PATHS = (
					"$(inherited)",
					"@executable_path/Frameworks",
				);
				MARKETING_VERSION = 1.0;
				PRODUCT_BUNDLE_IDENTIFIER = com.james.MealApp;
				PRODUCT_NAME = "$(TARGET_NAME)";
				SWIFT_EMIT_LOC_STRINGS = YES;
				SWIFT_VERSION = 5.0;
				TARGETED_DEVICE_FAMILY = 1;
			};
			name = Release;
		};
		0D7D8D6327F10E1F0059A732 /* Debug */ = {
			isa = XCBuildConfiguration;
			buildSettings = {
				ALWAYS_EMBED_SWIFT_STANDARD_LIBRARIES = YES;
				BUNDLE_LOADER = "$(TEST_HOST)";
				CODE_SIGN_STYLE = Automatic;
				CURRENT_PROJECT_VERSION = 1;
				DEVELOPMENT_TEAM = 5L2PGYP5GB;
				GENERATE_INFOPLIST_FILE = YES;
				IPHONEOS_DEPLOYMENT_TARGET = 15.0;
				LD_RUNPATH_SEARCH_PATHS = (
					"$(inherited)",
					"@executable_path/Frameworks",
					"@loader_path/Frameworks",
				);
				MARKETING_VERSION = 1.0;
				PRODUCT_BUNDLE_IDENTIFIER = com.james.MealAppTests;
				PRODUCT_NAME = "$(TARGET_NAME)";
				SWIFT_EMIT_LOC_STRINGS = NO;
				SWIFT_VERSION = 5.0;
				TARGETED_DEVICE_FAMILY = "1,2";
				TEST_HOST = "$(BUILT_PRODUCTS_DIR)/MealApp.app/MealApp";
			};
			name = Debug;
		};
		0D7D8D6427F10E1F0059A732 /* Release */ = {
			isa = XCBuildConfiguration;
			buildSettings = {
				ALWAYS_EMBED_SWIFT_STANDARD_LIBRARIES = YES;
				BUNDLE_LOADER = "$(TEST_HOST)";
				CODE_SIGN_STYLE = Automatic;
				CURRENT_PROJECT_VERSION = 1;
				DEVELOPMENT_TEAM = 5L2PGYP5GB;
				GENERATE_INFOPLIST_FILE = YES;
				IPHONEOS_DEPLOYMENT_TARGET = 15.0;
				LD_RUNPATH_SEARCH_PATHS = (
					"$(inherited)",
					"@executable_path/Frameworks",
					"@loader_path/Frameworks",
				);
				MARKETING_VERSION = 1.0;
				PRODUCT_BUNDLE_IDENTIFIER = com.james.MealAppTests;
				PRODUCT_NAME = "$(TARGET_NAME)";
				SWIFT_EMIT_LOC_STRINGS = NO;
				SWIFT_VERSION = 5.0;
				TARGETED_DEVICE_FAMILY = "1,2";
				TEST_HOST = "$(BUILT_PRODUCTS_DIR)/MealApp.app/MealApp";
			};
			name = Release;
		};
		0D7D8D6627F10E1F0059A732 /* Debug */ = {
			isa = XCBuildConfiguration;
			buildSettings = {
				ALWAYS_EMBED_SWIFT_STANDARD_LIBRARIES = YES;
				CODE_SIGN_STYLE = Automatic;
				CURRENT_PROJECT_VERSION = 1;
				DEVELOPMENT_TEAM = 5L2PGYP5GB;
				GENERATE_INFOPLIST_FILE = YES;
				LD_RUNPATH_SEARCH_PATHS = (
					"$(inherited)",
					"@executable_path/Frameworks",
					"@loader_path/Frameworks",
				);
				MARKETING_VERSION = 1.0;
				PRODUCT_BUNDLE_IDENTIFIER = com.james.MealAppUITests;
				PRODUCT_NAME = "$(TARGET_NAME)";
				SWIFT_EMIT_LOC_STRINGS = NO;
				SWIFT_VERSION = 5.0;
				TARGETED_DEVICE_FAMILY = "1,2";
				TEST_TARGET_NAME = MealApp;
			};
			name = Debug;
		};
		0D7D8D6727F10E1F0059A732 /* Release */ = {
			isa = XCBuildConfiguration;
			buildSettings = {
				ALWAYS_EMBED_SWIFT_STANDARD_LIBRARIES = YES;
				CODE_SIGN_STYLE = Automatic;
				CURRENT_PROJECT_VERSION = 1;
				DEVELOPMENT_TEAM = 5L2PGYP5GB;
				GENERATE_INFOPLIST_FILE = YES;
				LD_RUNPATH_SEARCH_PATHS = (
					"$(inherited)",
					"@executable_path/Frameworks",
					"@loader_path/Frameworks",
				);
				MARKETING_VERSION = 1.0;
				PRODUCT_BUNDLE_IDENTIFIER = com.james.MealAppUITests;
				PRODUCT_NAME = "$(TARGET_NAME)";
				SWIFT_EMIT_LOC_STRINGS = NO;
				SWIFT_VERSION = 5.0;
				TARGETED_DEVICE_FAMILY = "1,2";
				TEST_TARGET_NAME = MealApp;
			};
			name = Release;
		};
/* End XCBuildConfiguration section */

/* Begin XCConfigurationList section */
		0D7D8D3027F10E1C0059A732 /* Build configuration list for PBXProject "MealApp" */ = {
			isa = XCConfigurationList;
			buildConfigurations = (
				0D7D8D5D27F10E1F0059A732 /* Debug */,
				0D7D8D5E27F10E1F0059A732 /* Release */,
			);
			defaultConfigurationIsVisible = 0;
			defaultConfigurationName = Release;
		};
		0D7D8D5F27F10E1F0059A732 /* Build configuration list for PBXNativeTarget "MealApp" */ = {
			isa = XCConfigurationList;
			buildConfigurations = (
				0D7D8D6027F10E1F0059A732 /* Debug */,
				0D7D8D6127F10E1F0059A732 /* Release */,
			);
			defaultConfigurationIsVisible = 0;
			defaultConfigurationName = Release;
		};
		0D7D8D6227F10E1F0059A732 /* Build configuration list for PBXNativeTarget "MealAppTests" */ = {
			isa = XCConfigurationList;
			buildConfigurations = (
				0D7D8D6327F10E1F0059A732 /* Debug */,
				0D7D8D6427F10E1F0059A732 /* Release */,
			);
			defaultConfigurationIsVisible = 0;
			defaultConfigurationName = Release;
		};
		0D7D8D6527F10E1F0059A732 /* Build configuration list for PBXNativeTarget "MealAppUITests" */ = {
			isa = XCConfigurationList;
			buildConfigurations = (
				0D7D8D6627F10E1F0059A732 /* Debug */,
				0D7D8D6727F10E1F0059A732 /* Release */,
			);
			defaultConfigurationIsVisible = 0;
			defaultConfigurationName = Release;
		};
/* End XCConfigurationList section */
	};
	rootObject = 0D7D8D2D27F10E1C0059A732 /* Project object */;
}
